// !$*UTF8*$!
{
	archiveVersion = 1;
	classes = {
	};
	objectVersion = 56;
	objects = {

/* Begin PBXBuildFile section */
		430376102B5A020600C0634B /* menu_bot_in_iosApp.swift in Sources */ = {isa = PBXBuildFile; fileRef = 4303760F2B5A020600C0634B /* menu_bot_in_iosApp.swift */; };
		430376122B5A020600C0634B /* ContentView.swift in Sources */ = {isa = PBXBuildFile; fileRef = 430376112B5A020600C0634B /* ContentView.swift */; };
		430376142B5A020800C0634B /* Assets.xcassets in Resources */ = {isa = PBXBuildFile; fileRef = 430376132B5A020800C0634B /* Assets.xcassets */; };
		430376222B5A020800C0634B /* menu_bot_in_iosTests.swift in Sources */ = {isa = PBXBuildFile; fileRef = 430376212B5A020800C0634B /* menu_bot_in_iosTests.swift */; };
		4303762C2B5A020800C0634B /* menu_bot_in_iosUITests.swift in Sources */ = {isa = PBXBuildFile; fileRef = 4303762B2B5A020800C0634B /* menu_bot_in_iosUITests.swift */; };
		4303762E2B5A020800C0634B /* menu_bot_in_iosUITestsLaunchTests.swift in Sources */ = {isa = PBXBuildFile; fileRef = 4303762D2B5A020800C0634B /* menu_bot_in_iosUITestsLaunchTests.swift */; };
/* End PBXBuildFile section */

/* Begin PBXContainerItemProxy section */
		4303761E2B5A020800C0634B /* PBXContainerItemProxy */ = {
			isa = PBXContainerItemProxy;
			containerPortal = 430376042B5A020600C0634B /* Project object */;
			proxyType = 1;
			remoteGlobalIDString = 4303760B2B5A020600C0634B;
			remoteInfo = "menu-bot-in-ios";
		};
		430376282B5A020800C0634B /* PBXContainerItemProxy */ = {
			isa = PBXContainerItemProxy;
			containerPortal = 430376042B5A020600C0634B /* Project object */;
			proxyType = 1;
			remoteGlobalIDString = 4303760B2B5A020600C0634B;
			remoteInfo = "menu-bot-in-ios";
		};
/* End PBXContainerItemProxy section */

/* Begin PBXFileReference section */
		4303760C2B5A020600C0634B /* menu-bot-in-ios.app */ = {isa = PBXFileReference; explicitFileType = wrapper.application; includeInIndex = 0; path = "menu-bot-in-ios.app"; sourceTree = BUILT_PRODUCTS_DIR; };
		4303760F2B5A020600C0634B /* menu_bot_in_iosApp.swift */ = {isa = PBXFileReference; lastKnownFileType = sourcecode.swift; path = menu_bot_in_iosApp.swift; sourceTree = "<group>"; };
		430376112B5A020600C0634B /* ContentView.swift */ = {isa = PBXFileReference; lastKnownFileType = sourcecode.swift; path = ContentView.swift; sourceTree = "<group>"; };
		430376132B5A020800C0634B /* Assets.xcassets */ = {isa = PBXFileReference; lastKnownFileType = folder.assetcatalog; path = Assets.xcassets; sourceTree = "<group>"; };
		430376152B5A020800C0634B /* menu_bot_in_ios.entitlements */ = {isa = PBXFileReference; lastKnownFileType = text.plist.entitlements; path = menu_bot_in_ios.entitlements; sourceTree = "<group>"; };
		4303761D2B5A020800C0634B /* menu-bot-in-iosTests.xctest */ = {isa = PBXFileReference; explicitFileType = wrapper.cfbundle; includeInIndex = 0; path = "menu-bot-in-iosTests.xctest"; sourceTree = BUILT_PRODUCTS_DIR; };
		430376212B5A020800C0634B /* menu_bot_in_iosTests.swift */ = {isa = PBXFileReference; lastKnownFileType = sourcecode.swift; path = menu_bot_in_iosTests.swift; sourceTree = "<group>"; };
		430376272B5A020800C0634B /* menu-bot-in-iosUITests.xctest */ = {isa = PBXFileReference; explicitFileType = wrapper.cfbundle; includeInIndex = 0; path = "menu-bot-in-iosUITests.xctest"; sourceTree = BUILT_PRODUCTS_DIR; };
		4303762B2B5A020800C0634B /* menu_bot_in_iosUITests.swift */ = {isa = PBXFileReference; lastKnownFileType = sourcecode.swift; path = menu_bot_in_iosUITests.swift; sourceTree = "<group>"; };
		4303762D2B5A020800C0634B /* menu_bot_in_iosUITestsLaunchTests.swift */ = {isa = PBXFileReference; lastKnownFileType = sourcecode.swift; path = menu_bot_in_iosUITestsLaunchTests.swift; sourceTree = "<group>"; };
		43A652C62B6373E500C57EBF /* Info.plist */ = {isa = PBXFileReference; lastKnownFileType = text.plist; path = Info.plist; sourceTree = "<group>"; };
/* End PBXFileReference section */

/* Begin PBXFrameworksBuildPhase section */
		430376092B5A020600C0634B /* Frameworks */ = {
			isa = PBXFrameworksBuildPhase;
			buildActionMask = 2147483647;
			files = (
			);
			runOnlyForDeploymentPostprocessing = 0;
		};
		4303761A2B5A020800C0634B /* Frameworks */ = {
			isa = PBXFrameworksBuildPhase;
			buildActionMask = 2147483647;
			files = (
			);
			runOnlyForDeploymentPostprocessing = 0;
		};
		430376242B5A020800C0634B /* Frameworks */ = {
			isa = PBXFrameworksBuildPhase;
			buildActionMask = 2147483647;
			files = (
			);
			runOnlyForDeploymentPostprocessing = 0;
		};
/* End PBXFrameworksBuildPhase section */

/* Begin PBXGroup section */
		430376032B5A020600C0634B = {
			isa = PBXGroup;
			children = (
				4303760E2B5A020600C0634B /* menu-bot-in-ios */,
				430376202B5A020800C0634B /* menu-bot-in-iosTests */,
				4303762A2B5A020800C0634B /* menu-bot-in-iosUITests */,
				4303760D2B5A020600C0634B /* Products */,
			);
			sourceTree = "<group>";
		};
		4303760D2B5A020600C0634B /* Products */ = {
			isa = PBXGroup;
			children = (
				4303760C2B5A020600C0634B /* menu-bot-in-ios.app */,
				4303761D2B5A020800C0634B /* menu-bot-in-iosTests.xctest */,
				430376272B5A020800C0634B /* menu-bot-in-iosUITests.xctest */,
			);
			name = Products;
			sourceTree = "<group>";
		};
		4303760E2B5A020600C0634B /* menu-bot-in-ios */ = {
			isa = PBXGroup;
			children = (
				43A652C62B6373E500C57EBF /* Info.plist */,
				4303760F2B5A020600C0634B /* menu_bot_in_iosApp.swift */,
				430376112B5A020600C0634B /* ContentView.swift */,
				430376132B5A020800C0634B /* Assets.xcassets */,
				430376152B5A020800C0634B /* menu_bot_in_ios.entitlements */,
			);
			path = "menu-bot-in-ios";
			sourceTree = "<group>";
		};
		430376202B5A020800C0634B /* menu-bot-in-iosTests */ = {
			isa = PBXGroup;
			children = (
				430376212B5A020800C0634B /* menu_bot_in_iosTests.swift */,
			);
			path = "menu-bot-in-iosTests";
			sourceTree = "<group>";
		};
		4303762A2B5A020800C0634B /* menu-bot-in-iosUITests */ = {
			isa = PBXGroup;
			children = (
				4303762B2B5A020800C0634B /* menu_bot_in_iosUITests.swift */,
				4303762D2B5A020800C0634B /* menu_bot_in_iosUITestsLaunchTests.swift */,
			);
			path = "menu-bot-in-iosUITests";
			sourceTree = "<group>";
		};
/* End PBXGroup section */

/* Begin PBXNativeTarget section */
		4303760B2B5A020600C0634B /* menu-bot-in-ios */ = {
			isa = PBXNativeTarget;
			buildConfigurationList = 430376312B5A020800C0634B /* Build configuration list for PBXNativeTarget "menu-bot-in-ios" */;
			buildPhases = (
				430376082B5A020600C0634B /* Sources */,
				430376092B5A020600C0634B /* Frameworks */,
				4303760A2B5A020600C0634B /* Resources */,
			);
			buildRules = (
			);
			dependencies = (
			);
			name = "menu-bot-in-ios";
			productName = "menu-bot-in-ios";
			productReference = 4303760C2B5A020600C0634B /* menu-bot-in-ios.app */;
			productType = "com.apple.product-type.application";
		};
		4303761C2B5A020800C0634B /* menu-bot-in-iosTests */ = {
			isa = PBXNativeTarget;
			buildConfigurationList = 430376342B5A020800C0634B /* Build configuration list for PBXNativeTarget "menu-bot-in-iosTests" */;
			buildPhases = (
				430376192B5A020800C0634B /* Sources */,
				4303761A2B5A020800C0634B /* Frameworks */,
				4303761B2B5A020800C0634B /* Resources */,
			);
			buildRules = (
			);
			dependencies = (
				4303761F2B5A020800C0634B /* PBXTargetDependency */,
			);
			name = "menu-bot-in-iosTests";
			productName = "menu-bot-in-iosTests";
			productReference = 4303761D2B5A020800C0634B /* menu-bot-in-iosTests.xctest */;
			productType = "com.apple.product-type.bundle.unit-test";
		};
		430376262B5A020800C0634B /* menu-bot-in-iosUITests */ = {
			isa = PBXNativeTarget;
			buildConfigurationList = 430376372B5A020800C0634B /* Build configuration list for PBXNativeTarget "menu-bot-in-iosUITests" */;
			buildPhases = (
				430376232B5A020800C0634B /* Sources */,
				430376242B5A020800C0634B /* Frameworks */,
				430376252B5A020800C0634B /* Resources */,
			);
			buildRules = (
			);
			dependencies = (
				430376292B5A020800C0634B /* PBXTargetDependency */,
			);
			name = "menu-bot-in-iosUITests";
			productName = "menu-bot-in-iosUITests";
			productReference = 430376272B5A020800C0634B /* menu-bot-in-iosUITests.xctest */;
			productType = "com.apple.product-type.bundle.ui-testing";
		};
/* End PBXNativeTarget section */

/* Begin PBXProject section */
		430376042B5A020600C0634B /* Project object */ = {
			isa = PBXProject;
			attributes = {
				BuildIndependentTargetsInParallel = 1;
				LastSwiftUpdateCheck = 1500;
				LastUpgradeCheck = 1500;
				TargetAttributes = {
					4303760B2B5A020600C0634B = {
						CreatedOnToolsVersion = 15.0;
					};
					4303761C2B5A020800C0634B = {
						CreatedOnToolsVersion = 15.0;
						TestTargetID = 4303760B2B5A020600C0634B;
					};
					430376262B5A020800C0634B = {
						CreatedOnToolsVersion = 15.0;
						TestTargetID = 4303760B2B5A020600C0634B;
					};
				};
			};
			buildConfigurationList = 430376072B5A020600C0634B /* Build configuration list for PBXProject "menu-bot-in-ios" */;
			compatibilityVersion = "Xcode 14.0";
			developmentRegion = en;
			hasScannedForEncodings = 0;
			knownRegions = (
				en,
				Base,
			);
			mainGroup = 430376032B5A020600C0634B;
			productRefGroup = 4303760D2B5A020600C0634B /* Products */;
			projectDirPath = "";
			projectRoot = "";
			targets = (
				4303760B2B5A020600C0634B /* menu-bot-in-ios */,
				4303761C2B5A020800C0634B /* menu-bot-in-iosTests */,
				430376262B5A020800C0634B /* menu-bot-in-iosUITests */,
			);
		};
/* End PBXProject section */

/* Begin PBXResourcesBuildPhase section */
		4303760A2B5A020600C0634B /* Resources */ = {
			isa = PBXResourcesBuildPhase;
			buildActionMask = 2147483647;
			files = (
				430376142B5A020800C0634B /* Assets.xcassets in Resources */,
			);
			runOnlyForDeploymentPostprocessing = 0;
		};
		4303761B2B5A020800C0634B /* Resources */ = {
			isa = PBXResourcesBuildPhase;
			buildActionMask = 2147483647;
			files = (
			);
			runOnlyForDeploymentPostprocessing = 0;
		};
		430376252B5A020800C0634B /* Resources */ = {
			isa = PBXResourcesBuildPhase;
			buildActionMask = 2147483647;
			files = (
			);
			runOnlyForDeploymentPostprocessing = 0;
		};
/* End PBXResourcesBuildPhase section */

/* Begin PBXSourcesBuildPhase section */
		430376082B5A020600C0634B /* Sources */ = {
			isa = PBXSourcesBuildPhase;
			buildActionMask = 2147483647;
			files = (
				430376122B5A020600C0634B /* ContentView.swift in Sources */,
				430376102B5A020600C0634B /* menu_bot_in_iosApp.swift in Sources */,
			);
			runOnlyForDeploymentPostprocessing = 0;
		};
		430376192B5A020800C0634B /* Sources */ = {
			isa = PBXSourcesBuildPhase;
			buildActionMask = 2147483647;
			files = (
				430376222B5A020800C0634B /* menu_bot_in_iosTests.swift in Sources */,
			);
			runOnlyForDeploymentPostprocessing = 0;
		};
		430376232B5A020800C0634B /* Sources */ = {
			isa = PBXSourcesBuildPhase;
			buildActionMask = 2147483647;
			files = (
				4303762E2B5A020800C0634B /* menu_bot_in_iosUITestsLaunchTests.swift in Sources */,
				4303762C2B5A020800C0634B /* menu_bot_in_iosUITests.swift in Sources */,
			);
			runOnlyForDeploymentPostprocessing = 0;
		};
/* End PBXSourcesBuildPhase section */

/* Begin PBXTargetDependency section */
		4303761F2B5A020800C0634B /* PBXTargetDependency */ = {
			isa = PBXTargetDependency;
			target = 4303760B2B5A020600C0634B /* menu-bot-in-ios */;
			targetProxy = 4303761E2B5A020800C0634B /* PBXContainerItemProxy */;
		};
		430376292B5A020800C0634B /* PBXTargetDependency */ = {
			isa = PBXTargetDependency;
			target = 4303760B2B5A020600C0634B /* menu-bot-in-ios */;
			targetProxy = 430376282B5A020800C0634B /* PBXContainerItemProxy */;
		};
/* End PBXTargetDependency section */

/* Begin XCBuildConfiguration section */
		4303762F2B5A020800C0634B /* Debug */ = {
			isa = XCBuildConfiguration;
			buildSettings = {
				ALWAYS_SEARCH_USER_PATHS = NO;
				ASSETCATALOG_COMPILER_GENERATE_SWIFT_ASSET_SYMBOL_EXTENSIONS = YES;
				CLANG_ANALYZER_NONNULL = YES;
				CLANG_ANALYZER_NUMBER_OBJECT_CONVERSION = YES_AGGRESSIVE;
				CLANG_CXX_LANGUAGE_STANDARD = "gnu++20";
				CLANG_ENABLE_MODULES = YES;
				CLANG_ENABLE_OBJC_ARC = YES;
				CLANG_ENABLE_OBJC_WEAK = YES;
				CLANG_WARN_BLOCK_CAPTURE_AUTORELEASING = YES;
				CLANG_WARN_BOOL_CONVERSION = YES;
				CLANG_WARN_COMMA = YES;
				CLANG_WARN_CONSTANT_CONVERSION = YES;
				CLANG_WARN_DEPRECATED_OBJC_IMPLEMENTATIONS = YES;
				CLANG_WARN_DIRECT_OBJC_ISA_USAGE = YES_ERROR;
				CLANG_WARN_DOCUMENTATION_COMMENTS = YES;
				CLANG_WARN_EMPTY_BODY = YES;
				CLANG_WARN_ENUM_CONVERSION = YES;
				CLANG_WARN_INFINITE_RECURSION = YES;
				CLANG_WARN_INT_CONVERSION = YES;
				CLANG_WARN_NON_LITERAL_NULL_CONVERSION = YES;
				CLANG_WARN_OBJC_IMPLICIT_RETAIN_SELF = YES;
				CLANG_WARN_OBJC_LITERAL_CONVERSION = YES;
				CLANG_WARN_OBJC_ROOT_CLASS = YES_ERROR;
				CLANG_WARN_QUOTED_INCLUDE_IN_FRAMEWORK_HEADER = YES;
				CLANG_WARN_RANGE_LOOP_ANALYSIS = YES;
				CLANG_WARN_STRICT_PROTOTYPES = YES;
				CLANG_WARN_SUSPICIOUS_MOVE = YES;
				CLANG_WARN_UNGUARDED_AVAILABILITY = YES_AGGRESSIVE;
				CLANG_WARN_UNREACHABLE_CODE = YES;
				CLANG_WARN__DUPLICATE_METHOD_MATCH = YES;
				COPY_PHASE_STRIP = NO;
				DEBUG_INFORMATION_FORMAT = dwarf;
				ENABLE_STRICT_OBJC_MSGSEND = YES;
				ENABLE_TESTABILITY = YES;
				ENABLE_USER_SCRIPT_SANDBOXING = YES;
				GCC_C_LANGUAGE_STANDARD = gnu17;
				GCC_DYNAMIC_NO_PIC = NO;
				GCC_NO_COMMON_BLOCKS = YES;
				GCC_OPTIMIZATION_LEVEL = 0;
				GCC_PREPROCESSOR_DEFINITIONS = (
					"DEBUG=1",
					"$(inherited)",
				);
				GCC_WARN_64_TO_32_BIT_CONVERSION = YES;
				GCC_WARN_ABOUT_RETURN_TYPE = YES_ERROR;
				GCC_WARN_UNDECLARED_SELECTOR = YES;
				GCC_WARN_UNINITIALIZED_AUTOS = YES_AGGRESSIVE;
				GCC_WARN_UNUSED_FUNCTION = YES;
				GCC_WARN_UNUSED_VARIABLE = YES;
				LOCALIZATION_PREFERS_STRING_CATALOGS = YES;
				MTL_ENABLE_DEBUG_INFO = INCLUDE_SOURCE;
				MTL_FAST_MATH = YES;
				ONLY_ACTIVE_ARCH = YES;
				SWIFT_ACTIVE_COMPILATION_CONDITIONS = "DEBUG $(inherited)";
				SWIFT_OPTIMIZATION_LEVEL = "-Onone";
			};
			name = Debug;
		};
		430376302B5A020800C0634B /* Release */ = {
			isa = XCBuildConfiguration;
			buildSettings = {
				ALWAYS_SEARCH_USER_PATHS = NO;
				ASSETCATALOG_COMPILER_GENERATE_SWIFT_ASSET_SYMBOL_EXTENSIONS = YES;
				CLANG_ANALYZER_NONNULL = YES;
				CLANG_ANALYZER_NUMBER_OBJECT_CONVERSION = YES_AGGRESSIVE;
				CLANG_CXX_LANGUAGE_STANDARD = "gnu++20";
				CLANG_ENABLE_MODULES = YES;
				CLANG_ENABLE_OBJC_ARC = YES;
				CLANG_ENABLE_OBJC_WEAK = YES;
				CLANG_WARN_BLOCK_CAPTURE_AUTORELEASING = YES;
				CLANG_WARN_BOOL_CONVERSION = YES;
				CLANG_WARN_COMMA = YES;
				CLANG_WARN_CONSTANT_CONVERSION = YES;
				CLANG_WARN_DEPRECATED_OBJC_IMPLEMENTATIONS = YES;
				CLANG_WARN_DIRECT_OBJC_ISA_USAGE = YES_ERROR;
				CLANG_WARN_DOCUMENTATION_COMMENTS = YES;
				CLANG_WARN_EMPTY_BODY = YES;
				CLANG_WARN_ENUM_CONVERSION = YES;
				CLANG_WARN_INFINITE_RECURSION = YES;
				CLANG_WARN_INT_CONVERSION = YES;
				CLANG_WARN_NON_LITERAL_NULL_CONVERSION = YES;
				CLANG_WARN_OBJC_IMPLICIT_RETAIN_SELF = YES;
				CLANG_WARN_OBJC_LITERAL_CONVERSION = YES;
				CLANG_WARN_OBJC_ROOT_CLASS = YES_ERROR;
				CLANG_WARN_QUOTED_INCLUDE_IN_FRAMEWORK_HEADER = YES;
				CLANG_WARN_RANGE_LOOP_ANALYSIS = YES;
				CLANG_WARN_STRICT_PROTOTYPES = YES;
				CLANG_WARN_SUSPICIOUS_MOVE = YES;
				CLANG_WARN_UNGUARDED_AVAILABILITY = YES_AGGRESSIVE;
				CLANG_WARN_UNREACHABLE_CODE = YES;
				CLANG_WARN__DUPLICATE_METHOD_MATCH = YES;
				COPY_PHASE_STRIP = NO;
				DEBUG_INFORMATION_FORMAT = "dwarf-with-dsym";
				ENABLE_NS_ASSERTIONS = NO;
				ENABLE_STRICT_OBJC_MSGSEND = YES;
				ENABLE_USER_SCRIPT_SANDBOXING = YES;
				GCC_C_LANGUAGE_STANDARD = gnu17;
				GCC_NO_COMMON_BLOCKS = YES;
				GCC_WARN_64_TO_32_BIT_CONVERSION = YES;
				GCC_WARN_ABOUT_RETURN_TYPE = YES_ERROR;
				GCC_WARN_UNDECLARED_SELECTOR = YES;
				GCC_WARN_UNINITIALIZED_AUTOS = YES_AGGRESSIVE;
				GCC_WARN_UNUSED_FUNCTION = YES;
				GCC_WARN_UNUSED_VARIABLE = YES;
				LOCALIZATION_PREFERS_STRING_CATALOGS = YES;
				MTL_ENABLE_DEBUG_INFO = NO;
				MTL_FAST_MATH = YES;
				SWIFT_COMPILATION_MODE = wholemodule;
			};
			name = Release;
		};
		430376322B5A020800C0634B /* Debug */ = {
			isa = XCBuildConfiguration;
			buildSettings = {
				ASSETCATALOG_COMPILER_APPICON_NAME = AppIcon;
				ASSETCATALOG_COMPILER_GLOBAL_ACCENT_COLOR_NAME = AccentColor;
				CODE_SIGN_ENTITLEMENTS = "menu-bot-in-ios/menu_bot_in_ios.entitlements";
				CODE_SIGN_STYLE = Automatic;
				CURRENT_PROJECT_VERSION = 1;
				DEVELOPMENT_ASSET_PATHS = "\"menu-bot-in-ios/Preview Content\"";
				ENABLE_PREVIEWS = YES;
				GENERATE_INFOPLIST_FILE = YES;
				INFOPLIST_FILE = "menu-bot-in-ios/Info.plist";
				"INFOPLIST_KEY_UIApplicationSceneManifest_Generation[sdk=iphoneos*]" = YES;
				"INFOPLIST_KEY_UIApplicationSceneManifest_Generation[sdk=iphonesimulator*]" = YES;
				"INFOPLIST_KEY_UIApplicationSupportsIndirectInputEvents[sdk=iphoneos*]" = YES;
				"INFOPLIST_KEY_UIApplicationSupportsIndirectInputEvents[sdk=iphonesimulator*]" = YES;
				"INFOPLIST_KEY_UILaunchScreen_Generation[sdk=iphoneos*]" = YES;
				"INFOPLIST_KEY_UILaunchScreen_Generation[sdk=iphonesimulator*]" = YES;
				"INFOPLIST_KEY_UIStatusBarStyle[sdk=iphoneos*]" = UIStatusBarStyleDefault;
				"INFOPLIST_KEY_UIStatusBarStyle[sdk=iphonesimulator*]" = UIStatusBarStyleDefault;
				INFOPLIST_KEY_UISupportedInterfaceOrientations_iPad = "UIInterfaceOrientationPortrait UIInterfaceOrientationPortraitUpsideDown UIInterfaceOrientationLandscapeLeft UIInterfaceOrientationLandscapeRight";
				INFOPLIST_KEY_UISupportedInterfaceOrientations_iPhone = "UIInterfaceOrientationPortrait UIInterfaceOrientationLandscapeLeft UIInterfaceOrientationLandscapeRight";
				IPHONEOS_DEPLOYMENT_TARGET = 17.0;
				LD_RUNPATH_SEARCH_PATHS = "@executable_path/Frameworks";
				"LD_RUNPATH_SEARCH_PATHS[sdk=macosx*]" = "@executable_path/../Frameworks";
				MACOSX_DEPLOYMENT_TARGET = 14.0;
				MARKETING_VERSION = 1.0;
				PRODUCT_BUNDLE_IDENTIFIER = "ressharu.menu-bot-in-ios";
				PRODUCT_NAME = "$(TARGET_NAME)";
				SDKROOT = auto;
				SUPPORTED_PLATFORMS = "iphoneos iphonesimulator macosx";
				SWIFT_EMIT_LOC_STRINGS = YES;
				SWIFT_VERSION = 5.0;
				TARGETED_DEVICE_FAMILY = "1,2";
			};
			name = Debug;
		};
		430376332B5A020800C0634B /* Release */ = {
			isa = XCBuildConfiguration;
			buildSettings = {
				ASSETCATALOG_COMPILER_APPICON_NAME = AppIcon;
				ASSETCATALOG_COMPILER_GLOBAL_ACCENT_COLOR_NAME = AccentColor;
				CODE_SIGN_ENTITLEMENTS = "menu-bot-in-ios/menu_bot_in_ios.entitlements";
				CODE_SIGN_STYLE = Automatic;
				CURRENT_PROJECT_VERSION = 1;
				DEVELOPMENT_ASSET_PATHS = "\"menu-bot-in-ios/Preview Content\"";
				ENABLE_PREVIEWS = YES;
				GENERATE_INFOPLIST_FILE = YES;
				INFOPLIST_FILE = "menu-bot-in-ios/Info.plist";
				"INFOPLIST_KEY_UIApplicationSceneManifest_Generation[sdk=iphoneos*]" = YES;
				"INFOPLIST_KEY_UIApplicationSceneManifest_Generation[sdk=iphonesimulator*]" = YES;
				"INFOPLIST_KEY_UIApplicationSupportsIndirectInputEvents[sdk=iphoneos*]" = YES;
				"INFOPLIST_KEY_UIApplicationSupportsIndirectInputEvents[sdk=iphonesimulator*]" = YES;
				"INFOPLIST_KEY_UILaunchScreen_Generation[sdk=iphoneos*]" = YES;
				"INFOPLIST_KEY_UILaunchScreen_Generation[sdk=iphonesimulator*]" = YES;
				"INFOPLIST_KEY_UIStatusBarStyle[sdk=iphoneos*]" = UIStatusBarStyleDefault;
				"INFOPLIST_KEY_UIStatusBarStyle[sdk=iphonesimulator*]" = UIStatusBarStyleDefault;
				INFOPLIST_KEY_UISupportedInterfaceOrientations_iPad = "UIInterfaceOrientationPortrait UIInterfaceOrientationPortraitUpsideDown UIInterfaceOrientationLandscapeLeft UIInterfaceOrientationLandscapeRight";
				INFOPLIST_KEY_UISupportedInterfaceOrientations_iPhone = "UIInterfaceOrientationPortrait UIInterfaceOrientationLandscapeLeft UIInterfaceOrientationLandscapeRight";
				IPHONEOS_DEPLOYMENT_TARGET = 17.0;
				LD_RUNPATH_SEARCH_PATHS = "@executable_path/Frameworks";
				"LD_RUNPATH_SEARCH_PATHS[sdk=macosx*]" = "@executable_path/../Frameworks";
				MACOSX_DEPLOYMENT_TARGET = 14.0;
				MARKETING_VERSION = 1.0;
				PRODUCT_BUNDLE_IDENTIFIER = "ressharu.menu-bot-in-ios";
				PRODUCT_NAME = "$(TARGET_NAME)";
				SDKROOT = auto;
				SUPPORTED_PLATFORMS = "iphoneos iphonesimulator macosx";
				SWIFT_EMIT_LOC_STRINGS = YES;
				SWIFT_VERSION = 5.0;
				TARGETED_DEVICE_FAMILY = "1,2";
			};
			name = Release;
		};
		430376352B5A020800C0634B /* Debug */ = {
			isa = XCBuildConfiguration;
			buildSettings = {
				ALWAYS_EMBED_SWIFT_STANDARD_LIBRARIES = YES;
				BUNDLE_LOADER = "$(TEST_HOST)";
				CODE_SIGN_STYLE = Automatic;
				CURRENT_PROJECT_VERSION = 1;
				GENERATE_INFOPLIST_FILE = YES;
				IPHONEOS_DEPLOYMENT_TARGET = 17.0;
				MACOSX_DEPLOYMENT_TARGET = 14.0;
				MARKETING_VERSION = 1.0;
				PRODUCT_BUNDLE_IDENTIFIER = "ressharu.menu-bot-in-iosTests";
				PRODUCT_NAME = "$(TARGET_NAME)";
				SDKROOT = auto;
				SUPPORTED_PLATFORMS = "iphoneos iphonesimulator macosx";
				SWIFT_EMIT_LOC_STRINGS = NO;
				SWIFT_VERSION = 5.0;
				TARGETED_DEVICE_FAMILY = "1,2";
				TEST_HOST = "$(BUILT_PRODUCTS_DIR)/menu-bot-in-ios.app/$(BUNDLE_EXECUTABLE_FOLDER_PATH)/menu-bot-in-ios";
			};
			name = Debug;
		};
		430376362B5A020800C0634B /* Release */ = {
			isa = XCBuildConfiguration;
			buildSettings = {
				ALWAYS_EMBED_SWIFT_STANDARD_LIBRARIES = YES;
				BUNDLE_LOADER = "$(TEST_HOST)";
				CODE_SIGN_STYLE = Automatic;
				CURRENT_PROJECT_VERSION = 1;
				GENERATE_INFOPLIST_FILE = YES;
				IPHONEOS_DEPLOYMENT_TARGET = 17.0;
				MACOSX_DEPLOYMENT_TARGET = 14.0;
				MARKETING_VERSION = 1.0;
				PRODUCT_BUNDLE_IDENTIFIER = "ressharu.menu-bot-in-iosTests";
				PRODUCT_NAME = "$(TARGET_NAME)";
				SDKROOT = auto;
				SUPPORTED_PLATFORMS = "iphoneos iphonesimulator macosx";
				SWIFT_EMIT_LOC_STRINGS = NO;
				SWIFT_VERSION = 5.0;
				TARGETED_DEVICE_FAMILY = "1,2";
				TEST_HOST = "$(BUILT_PRODUCTS_DIR)/menu-bot-in-ios.app/$(BUNDLE_EXECUTABLE_FOLDER_PATH)/menu-bot-in-ios";
			};
			name = Release;
		};
		430376382B5A020800C0634B /* Debug */ = {
			isa = XCBuildConfiguration;
			buildSettings = {
				ALWAYS_EMBED_SWIFT_STANDARD_LIBRARIES = YES;
				CODE_SIGN_STYLE = Automatic;
				CURRENT_PROJECT_VERSION = 1;
				GENERATE_INFOPLIST_FILE = YES;
				IPHONEOS_DEPLOYMENT_TARGET = 17.0;
				MACOSX_DEPLOYMENT_TARGET = 14.0;
				MARKETING_VERSION = 1.0;
				PRODUCT_BUNDLE_IDENTIFIER = "ressharu.menu-bot-in-iosUITests";
				PRODUCT_NAME = "$(TARGET_NAME)";
				SDKROOT = auto;
				SUPPORTED_PLATFORMS = "iphoneos iphonesimulator macosx";
				SWIFT_EMIT_LOC_STRINGS = NO;
				SWIFT_VERSION = 5.0;
				TARGETED_DEVICE_FAMILY = "1,2";
				TEST_TARGET_NAME = "menu-bot-in-ios";
			};
			name = Debug;
		};
		430376392B5A020800C0634B /* Release */ = {
			isa = XCBuildConfiguration;
			buildSettings = {
				ALWAYS_EMBED_SWIFT_STANDARD_LIBRARIES = YES;
				CODE_SIGN_STYLE = Automatic;
				CURRENT_PROJECT_VERSION = 1;
				GENERATE_INFOPLIST_FILE = YES;
				IPHONEOS_DEPLOYMENT_TARGET = 17.0;
				MACOSX_DEPLOYMENT_TARGET = 14.0;
				MARKETING_VERSION = 1.0;
				PRODUCT_BUNDLE_IDENTIFIER = "ressharu.menu-bot-in-iosUITests";
				PRODUCT_NAME = "$(TARGET_NAME)";
				SDKROOT = auto;
				SUPPORTED_PLATFORMS = "iphoneos iphonesimulator macosx";
				SWIFT_EMIT_LOC_STRINGS = NO;
				SWIFT_VERSION = 5.0;
				TARGETED_DEVICE_FAMILY = "1,2";
				TEST_TARGET_NAME = "menu-bot-in-ios";
			};
			name = Release;
		};
/* End XCBuildConfiguration section */

/* Begin XCConfigurationList section */
		430376072B5A020600C0634B /* Build configuration list for PBXProject "menu-bot-in-ios" */ = {
			isa = XCConfigurationList;
			buildConfigurations = (
				4303762F2B5A020800C0634B /* Debug */,
				430376302B5A020800C0634B /* Release */,
			);
			defaultConfigurationIsVisible = 0;
			defaultConfigurationName = Release;
		};
		430376312B5A020800C0634B /* Build configuration list for PBXNativeTarget "menu-bot-in-ios" */ = {
			isa = XCConfigurationList;
			buildConfigurations = (
				430376322B5A020800C0634B /* Debug */,
				430376332B5A020800C0634B /* Release */,
			);
			defaultConfigurationIsVisible = 0;
			defaultConfigurationName = Release;
		};
		430376342B5A020800C0634B /* Build configuration list for PBXNativeTarget "menu-bot-in-iosTests" */ = {
			isa = XCConfigurationList;
			buildConfigurations = (
				430376352B5A020800C0634B /* Debug */,
				430376362B5A020800C0634B /* Release */,
			);
			defaultConfigurationIsVisible = 0;
			defaultConfigurationName = Release;
		};
		430376372B5A020800C0634B /* Build configuration list for PBXNativeTarget "menu-bot-in-iosUITests" */ = {
			isa = XCConfigurationList;
			buildConfigurations = (
				430376382B5A020800C0634B /* Debug */,
				430376392B5A020800C0634B /* Release */,
			);
			defaultConfigurationIsVisible = 0;
			defaultConfigurationName = Release;
		};
/* End XCConfigurationList section */
	};
	rootObject = 430376042B5A020600C0634B /* Project object */;
}
